// !$*UTF8*$!
{
	archiveVersion = 1;
	classes = {
	};
	objectVersion = 56;
	objects = {

/* Begin PBXBuildFile section */
		6E0260AA29A7279B007C1D99 /* InstagramViewController.storyboard in Resources */ = {isa = PBXBuildFile; fileRef = 6E0260A929A7279B007C1D99 /* InstagramViewController.storyboard */; };
		6E0260AC29A72838007C1D99 /* InstagramViewController.swift in Sources */ = {isa = PBXBuildFile; fileRef = 6E0260AB29A72838007C1D99 /* InstagramViewController.swift */; };
		6E0260B029A72AC1007C1D99 /* InstagramCell.swift in Sources */ = {isa = PBXBuildFile; fileRef = 6E0260AE29A72AC1007C1D99 /* InstagramCell.swift */; };
		6E0260B129A72AC1007C1D99 /* InstagramCell.xib in Resources */ = {isa = PBXBuildFile; fileRef = 6E0260AF29A72AC1007C1D99 /* InstagramCell.xib */; };
		6E0CF9F129A5ADCF001966EA /* ExampleFooterReusableView.swift in Sources */ = {isa = PBXBuildFile; fileRef = 6E0CF9EF29A5ADCF001966EA /* ExampleFooterReusableView.swift */; };
		6E0CF9F229A5ADCF001966EA /* ExampleFooterReusableView.xib in Resources */ = {isa = PBXBuildFile; fileRef = 6E0CF9F029A5ADCF001966EA /* ExampleFooterReusableView.xib */; };
		6E10B9BD29A5FA270026CFAB /* ImageEntity.swift in Sources */ = {isa = PBXBuildFile; fileRef = 6E10B9BC29A5FA270026CFAB /* ImageEntity.swift */; };
		6E10B9C429A600D40026CFAB /* ImageModel.swift in Sources */ = {isa = PBXBuildFile; fileRef = 6E10B9C329A600D40026CFAB /* ImageModel.swift */; };
		6E10B9C929A604B00026CFAB /* InstagramRepository.swift in Sources */ = {isa = PBXBuildFile; fileRef = 6E10B9C829A604B00026CFAB /* InstagramRepository.swift */; };
		6E10B9CB29A605D10026CFAB /* ImageModel+Dummy.swift in Sources */ = {isa = PBXBuildFile; fileRef = 6E10B9CA29A605D10026CFAB /* ImageModel+Dummy.swift */; };
		6E10B9CD29A606FD0026CFAB /* InstagramRepositoryImplement.swift in Sources */ = {isa = PBXBuildFile; fileRef = 6E10B9CC29A606FD0026CFAB /* InstagramRepositoryImplement.swift */; };
		6E10B9D229A629B10026CFAB /* SDWebImage in Frameworks */ = {isa = PBXBuildFile; productRef = 6E10B9D129A629B10026CFAB /* SDWebImage */; };
		6E10B9D429A629B10026CFAB /* SDWebImageMapKit in Frameworks */ = {isa = PBXBuildFile; productRef = 6E10B9D329A629B10026CFAB /* SDWebImageMapKit */; };
		6E67ADC029A506E80087D681 /* ExampleHeaderReuseableView.swift in Sources */ = {isa = PBXBuildFile; fileRef = 6E67ADBE29A506E80087D681 /* ExampleHeaderReuseableView.swift */; };
		6E67ADC129A506E80087D681 /* ExampleHeaderReuseableView.xib in Resources */ = {isa = PBXBuildFile; fileRef = 6E67ADBF29A506E80087D681 /* ExampleHeaderReuseableView.xib */; };
		6EB8293329A8B06600C668E4 /* ExampleViewController+GestureActions.swift in Sources */ = {isa = PBXBuildFile; fileRef = 6EB8293229A8B06600C668E4 /* ExampleViewController+GestureActions.swift */; };
		6EB8293529A8B71D00C668E4 /* ExampleViewController+Alert.swift in Sources */ = {isa = PBXBuildFile; fileRef = 6EB8293429A8B71D00C668E4 /* ExampleViewController+Alert.swift */; };
		6EED3C4D29A4D91C00263E73 /* AppDelegate.swift in Sources */ = {isa = PBXBuildFile; fileRef = 6EED3C4C29A4D91C00263E73 /* AppDelegate.swift */; };
		6EED3C4F29A4D91C00263E73 /* SceneDelegate.swift in Sources */ = {isa = PBXBuildFile; fileRef = 6EED3C4E29A4D91C00263E73 /* SceneDelegate.swift */; };
		6EED3C5129A4D91C00263E73 /* ExampleViewController.swift in Sources */ = {isa = PBXBuildFile; fileRef = 6EED3C5029A4D91C00263E73 /* ExampleViewController.swift */; };
		6EED3C5429A4D91C00263E73 /* Main.storyboard in Resources */ = {isa = PBXBuildFile; fileRef = 6EED3C5229A4D91C00263E73 /* Main.storyboard */; };
		6EED3C5629A4D91D00263E73 /* Assets.xcassets in Resources */ = {isa = PBXBuildFile; fileRef = 6EED3C5529A4D91D00263E73 /* Assets.xcassets */; };
		6EED3C5929A4D91D00263E73 /* LaunchScreen.storyboard in Resources */ = {isa = PBXBuildFile; fileRef = 6EED3C5729A4D91D00263E73 /* LaunchScreen.storyboard */; };
		6EED3C6229A4DB2500263E73 /* ExampleCell.swift in Sources */ = {isa = PBXBuildFile; fileRef = 6EED3C6029A4DB2500263E73 /* ExampleCell.swift */; };
		6EED3C6329A4DB2500263E73 /* ExampleCell.xib in Resources */ = {isa = PBXBuildFile; fileRef = 6EED3C6129A4DB2500263E73 /* ExampleCell.xib */; };
/* End PBXBuildFile section */

/* Begin PBXFileReference section */
		6E0260A929A7279B007C1D99 /* InstagramViewController.storyboard */ = {isa = PBXFileReference; lastKnownFileType = file.storyboard; path = InstagramViewController.storyboard; sourceTree = "<group>"; };
		6E0260AB29A72838007C1D99 /* InstagramViewController.swift */ = {isa = PBXFileReference; lastKnownFileType = sourcecode.swift; path = InstagramViewController.swift; sourceTree = "<group>"; };
		6E0260AE29A72AC1007C1D99 /* InstagramCell.swift */ = {isa = PBXFileReference; lastKnownFileType = sourcecode.swift; path = InstagramCell.swift; sourceTree = "<group>"; };
		6E0260AF29A72AC1007C1D99 /* InstagramCell.xib */ = {isa = PBXFileReference; lastKnownFileType = file.xib; path = InstagramCell.xib; sourceTree = "<group>"; };
		6E0CF9EF29A5ADCF001966EA /* ExampleFooterReusableView.swift */ = {isa = PBXFileReference; lastKnownFileType = sourcecode.swift; path = ExampleFooterReusableView.swift; sourceTree = "<group>"; };
		6E0CF9F029A5ADCF001966EA /* ExampleFooterReusableView.xib */ = {isa = PBXFileReference; lastKnownFileType = file.xib; path = ExampleFooterReusableView.xib; sourceTree = "<group>"; };
		6E10B9BC29A5FA270026CFAB /* ImageEntity.swift */ = {isa = PBXFileReference; lastKnownFileType = sourcecode.swift; path = ImageEntity.swift; sourceTree = "<group>"; };
		6E10B9C329A600D40026CFAB /* ImageModel.swift */ = {isa = PBXFileReference; lastKnownFileType = sourcecode.swift; path = ImageModel.swift; sourceTree = "<group>"; };
		6E10B9C829A604B00026CFAB /* InstagramRepository.swift */ = {isa = PBXFileReference; lastKnownFileType = sourcecode.swift; path = InstagramRepository.swift; sourceTree = "<group>"; };
		6E10B9CA29A605D10026CFAB /* ImageModel+Dummy.swift */ = {isa = PBXFileReference; lastKnownFileType = sourcecode.swift; path = "ImageModel+Dummy.swift"; sourceTree = "<group>"; };
		6E10B9CC29A606FD0026CFAB /* InstagramRepositoryImplement.swift */ = {isa = PBXFileReference; lastKnownFileType = sourcecode.swift; path = InstagramRepositoryImplement.swift; sourceTree = "<group>"; };
		6E67ADBE29A506E80087D681 /* ExampleHeaderReuseableView.swift */ = {isa = PBXFileReference; lastKnownFileType = sourcecode.swift; path = ExampleHeaderReuseableView.swift; sourceTree = "<group>"; };
		6E67ADBF29A506E80087D681 /* ExampleHeaderReuseableView.xib */ = {isa = PBXFileReference; lastKnownFileType = file.xib; path = ExampleHeaderReuseableView.xib; sourceTree = "<group>"; };
		6EB8293229A8B06600C668E4 /* ExampleViewController+GestureActions.swift */ = {isa = PBXFileReference; lastKnownFileType = sourcecode.swift; path = "ExampleViewController+GestureActions.swift"; sourceTree = "<group>"; };
		6EB8293429A8B71D00C668E4 /* ExampleViewController+Alert.swift */ = {isa = PBXFileReference; lastKnownFileType = sourcecode.swift; path = "ExampleViewController+Alert.swift"; sourceTree = "<group>"; };
		6EED3C4929A4D91C00263E73 /* ExampleCollectionView.app */ = {isa = PBXFileReference; explicitFileType = wrapper.application; includeInIndex = 0; path = ExampleCollectionView.app; sourceTree = BUILT_PRODUCTS_DIR; };
		6EED3C4C29A4D91C00263E73 /* AppDelegate.swift */ = {isa = PBXFileReference; lastKnownFileType = sourcecode.swift; path = AppDelegate.swift; sourceTree = "<group>"; };
		6EED3C4E29A4D91C00263E73 /* SceneDelegate.swift */ = {isa = PBXFileReference; lastKnownFileType = sourcecode.swift; path = SceneDelegate.swift; sourceTree = "<group>"; };
		6EED3C5029A4D91C00263E73 /* ExampleViewController.swift */ = {isa = PBXFileReference; lastKnownFileType = sourcecode.swift; path = ExampleViewController.swift; sourceTree = "<group>"; };
		6EED3C5329A4D91C00263E73 /* Base */ = {isa = PBXFileReference; lastKnownFileType = file.storyboard; name = Base; path = Base.lproj/Main.storyboard; sourceTree = "<group>"; };
		6EED3C5529A4D91D00263E73 /* Assets.xcassets */ = {isa = PBXFileReference; lastKnownFileType = folder.assetcatalog; path = Assets.xcassets; sourceTree = "<group>"; };
		6EED3C5829A4D91D00263E73 /* Base */ = {isa = PBXFileReference; lastKnownFileType = file.storyboard; name = Base; path = Base.lproj/LaunchScreen.storyboard; sourceTree = "<group>"; };
		6EED3C5A29A4D91D00263E73 /* Info.plist */ = {isa = PBXFileReference; lastKnownFileType = text.plist.xml; path = Info.plist; sourceTree = "<group>"; };
		6EED3C6029A4DB2500263E73 /* ExampleCell.swift */ = {isa = PBXFileReference; lastKnownFileType = sourcecode.swift; path = ExampleCell.swift; sourceTree = "<group>"; };
		6EED3C6129A4DB2500263E73 /* ExampleCell.xib */ = {isa = PBXFileReference; lastKnownFileType = file.xib; path = ExampleCell.xib; sourceTree = "<group>"; };
/* End PBXFileReference section */

/* Begin PBXFrameworksBuildPhase section */
		6EED3C4629A4D91C00263E73 /* Frameworks */ = {
			isa = PBXFrameworksBuildPhase;
			buildActionMask = 2147483647;
			files = (
				6E10B9D429A629B10026CFAB /* SDWebImageMapKit in Frameworks */,
				6E10B9D229A629B10026CFAB /* SDWebImage in Frameworks */,
			);
			runOnlyForDeploymentPostprocessing = 0;
		};
/* End PBXFrameworksBuildPhase section */

/* Begin PBXGroup section */
		6E0260AD29A72998007C1D99 /* InstagramCell */ = {
			isa = PBXGroup;
			children = (
				6E0260AE29A72AC1007C1D99 /* InstagramCell.swift */,
				6E0260AF29A72AC1007C1D99 /* InstagramCell.xib */,
			);
			path = InstagramCell;
			sourceTree = "<group>";
		};
		6E0CF9F329A5ADD4001966EA /* Footer */ = {
			isa = PBXGroup;
			children = (
				6E0CF9EF29A5ADCF001966EA /* ExampleFooterReusableView.swift */,
				6E0CF9F029A5ADCF001966EA /* ExampleFooterReusableView.xib */,
			);
			path = Footer;
			sourceTree = "<group>";
		};
		6E0CF9F429A5AE2A001966EA /* Example */ = {
			isa = PBXGroup;
			children = (
				6EED3C5029A4D91C00263E73 /* ExampleViewController.swift */,
				6EED3C5229A4D91C00263E73 /* Main.storyboard */,
				6EB8293229A8B06600C668E4 /* ExampleViewController+GestureActions.swift */,
				6EB8293429A8B71D00C668E4 /* ExampleViewController+Alert.swift */,
				6E0CF9F329A5ADD4001966EA /* Footer */,
				6E67ADC229A506F20087D681 /* Header */,
				6EED3C6429A4DB2D00263E73 /* Cell */,
			);
			path = Example;
			sourceTree = "<group>";
		};
		6E10B9B829A5F8460026CFAB /* Resource */ = {
			isa = PBXGroup;
			children = (
				6EED3C5529A4D91D00263E73 /* Assets.xcassets */,
				6EED3C5729A4D91D00263E73 /* LaunchScreen.storyboard */,
			);
			path = Resource;
			sourceTree = "<group>";
		};
		6E10B9B929A5F8580026CFAB /* Instagram */ = {
			isa = PBXGroup;
			children = (
				6E0260A929A7279B007C1D99 /* InstagramViewController.storyboard */,
				6E0260AB29A72838007C1D99 /* InstagramViewController.swift */,
				6E0260AD29A72998007C1D99 /* InstagramCell */,
				6E8940B629A703AF003ADDE3 /* Data */,
			);
			path = Instagram;
			sourceTree = "<group>";
		};
		6E10B9BA29A5F8B10026CFAB /* Models */ = {
			isa = PBXGroup;
			children = (
				6E10B9BE29A5FE1F0026CFAB /* Infra */,
				6E10B9BB29A5F99F0026CFAB /* Entities */,
			);
			path = Models;
			sourceTree = "<group>";
		};
		6E10B9BB29A5F99F0026CFAB /* Entities */ = {
			isa = PBXGroup;
			children = (
				6E10B9BC29A5FA270026CFAB /* ImageEntity.swift */,
			);
			path = Entities;
			sourceTree = "<group>";
		};
		6E10B9BE29A5FE1F0026CFAB /* Infra */ = {
			isa = PBXGroup;
			children = (
				6E10B9C329A600D40026CFAB /* ImageModel.swift */,
				6E10B9CA29A605D10026CFAB /* ImageModel+Dummy.swift */,
			);
			path = Infra;
			sourceTree = "<group>";
		};
		6E10B9C729A604500026CFAB /* Repository */ = {
			isa = PBXGroup;
			children = (
				6E10B9C829A604B00026CFAB /* InstagramRepository.swift */,
				6E10B9CC29A606FD0026CFAB /* InstagramRepositoryImplement.swift */,
			);
			path = Repository;
			sourceTree = "<group>";
		};
		6E67ADC229A506F20087D681 /* Header */ = {
			isa = PBXGroup;
			children = (
				6E67ADBE29A506E80087D681 /* ExampleHeaderReuseableView.swift */,
				6E67ADBF29A506E80087D681 /* ExampleHeaderReuseableView.xib */,
			);
			path = Header;
			sourceTree = "<group>";
		};
		6E8940B629A703AF003ADDE3 /* Data */ = {
			isa = PBXGroup;
			children = (
				6E10B9C729A604500026CFAB /* Repository */,
				6E10B9BA29A5F8B10026CFAB /* Models */,
			);
			path = Data;
			sourceTree = "<group>";
		};
		6EED3C4029A4D91B00263E73 = {
			isa = PBXGroup;
			children = (
				6EED3C4B29A4D91C00263E73 /* ExampleCollectionView */,
				6EED3C4A29A4D91C00263E73 /* Products */,
			);
			sourceTree = "<group>";
		};
		6EED3C4A29A4D91C00263E73 /* Products */ = {
			isa = PBXGroup;
			children = (
				6EED3C4929A4D91C00263E73 /* ExampleCollectionView.app */,
			);
			name = Products;
			sourceTree = "<group>";
		};
		6EED3C4B29A4D91C00263E73 /* ExampleCollectionView */ = {
			isa = PBXGroup;
			children = (
				6EED3C4C29A4D91C00263E73 /* AppDelegate.swift */,
				6EED3C4E29A4D91C00263E73 /* SceneDelegate.swift */,
				6EED3C5A29A4D91D00263E73 /* Info.plist */,
				6E10B9B929A5F8580026CFAB /* Instagram */,
				6E0CF9F429A5AE2A001966EA /* Example */,
				6E10B9B829A5F8460026CFAB /* Resource */,
			);
			path = ExampleCollectionView;
			sourceTree = "<group>";
		};
		6EED3C6429A4DB2D00263E73 /* Cell */ = {
			isa = PBXGroup;
			children = (
				6EED3C6029A4DB2500263E73 /* ExampleCell.swift */,
				6EED3C6129A4DB2500263E73 /* ExampleCell.xib */,
			);
			path = Cell;
			sourceTree = "<group>";
		};
/* End PBXGroup section */

/* Begin PBXNativeTarget section */
		6EED3C4829A4D91C00263E73 /* ExampleCollectionView */ = {
			isa = PBXNativeTarget;
			buildConfigurationList = 6EED3C5D29A4D91D00263E73 /* Build configuration list for PBXNativeTarget "ExampleCollectionView" */;
			buildPhases = (
				6EED3C4529A4D91C00263E73 /* Sources */,
				6EED3C4629A4D91C00263E73 /* Frameworks */,
				6EED3C4729A4D91C00263E73 /* Resources */,
			);
			buildRules = (
			);
			dependencies = (
			);
			name = ExampleCollectionView;
			packageProductDependencies = (
				6E10B9D129A629B10026CFAB /* SDWebImage */,
				6E10B9D329A629B10026CFAB /* SDWebImageMapKit */,
			);
			productName = ExampleCollectionView;
			productReference = 6EED3C4929A4D91C00263E73 /* ExampleCollectionView.app */;
			productType = "com.apple.product-type.application";
		};
/* End PBXNativeTarget section */

/* Begin PBXProject section */
		6EED3C4129A4D91B00263E73 /* Project object */ = {
			isa = PBXProject;
			attributes = {
				BuildIndependentTargetsInParallel = 1;
				LastSwiftUpdateCheck = 1420;
				LastUpgradeCheck = 1420;
				TargetAttributes = {
					6EED3C4829A4D91C00263E73 = {
						CreatedOnToolsVersion = 14.2;
					};
				};
			};
			buildConfigurationList = 6EED3C4429A4D91B00263E73 /* Build configuration list for PBXProject "ExampleCollectionView" */;
			compatibilityVersion = "Xcode 14.0";
			developmentRegion = en;
			hasScannedForEncodings = 0;
			knownRegions = (
				en,
				Base,
			);
			mainGroup = 6EED3C4029A4D91B00263E73;
			packageReferences = (
				6E10B9D029A629B10026CFAB /* XCRemoteSwiftPackageReference "SDWebImage" */,
			);
			productRefGroup = 6EED3C4A29A4D91C00263E73 /* Products */;
			projectDirPath = "";
			projectRoot = "";
			targets = (
				6EED3C4829A4D91C00263E73 /* ExampleCollectionView */,
			);
		};
/* End PBXProject section */

/* Begin PBXResourcesBuildPhase section */
		6EED3C4729A4D91C00263E73 /* Resources */ = {
			isa = PBXResourcesBuildPhase;
			buildActionMask = 2147483647;
			files = (
				6EED3C6329A4DB2500263E73 /* ExampleCell.xib in Resources */,
				6E0260AA29A7279B007C1D99 /* InstagramViewController.storyboard in Resources */,
				6EED3C5929A4D91D00263E73 /* LaunchScreen.storyboard in Resources */,
				6E67ADC129A506E80087D681 /* ExampleHeaderReuseableView.xib in Resources */,
				6EED3C5629A4D91D00263E73 /* Assets.xcassets in Resources */,
				6E0260B129A72AC1007C1D99 /* InstagramCell.xib in Resources */,
				6E0CF9F229A5ADCF001966EA /* ExampleFooterReusableView.xib in Resources */,
				6EED3C5429A4D91C00263E73 /* Main.storyboard in Resources */,
			);
			runOnlyForDeploymentPostprocessing = 0;
		};
/* End PBXResourcesBuildPhase section */

/* Begin PBXSourcesBuildPhase section */
		6EED3C4529A4D91C00263E73 /* Sources */ = {
			isa = PBXSourcesBuildPhase;
			buildActionMask = 2147483647;
			files = (
				6E10B9CD29A606FD0026CFAB /* InstagramRepositoryImplement.swift in Sources */,
				6E0260AC29A72838007C1D99 /* InstagramViewController.swift in Sources */,
				6EED3C6229A4DB2500263E73 /* ExampleCell.swift in Sources */,
				6E10B9CB29A605D10026CFAB /* ImageModel+Dummy.swift in Sources */,
				6EB8293329A8B06600C668E4 /* ExampleViewController+GestureActions.swift in Sources */,
				6E10B9C429A600D40026CFAB /* ImageModel.swift in Sources */,
				6EED3C5129A4D91C00263E73 /* ExampleViewController.swift in Sources */,
				6E0CF9F129A5ADCF001966EA /* ExampleFooterReusableView.swift in Sources */,
				6E10B9C929A604B00026CFAB /* InstagramRepository.swift in Sources */,
				6EB8293529A8B71D00C668E4 /* ExampleViewController+Alert.swift in Sources */,
				6E67ADC029A506E80087D681 /* ExampleHeaderReuseableView.swift in Sources */,
				6EED3C4D29A4D91C00263E73 /* AppDelegate.swift in Sources */,
				6E10B9BD29A5FA270026CFAB /* ImageEntity.swift in Sources */,
				6EED3C4F29A4D91C00263E73 /* SceneDelegate.swift in Sources */,
				6E0260B029A72AC1007C1D99 /* InstagramCell.swift in Sources */,
			);
			runOnlyForDeploymentPostprocessing = 0;
		};
/* End PBXSourcesBuildPhase section */

/* Begin PBXVariantGroup section */
		6EED3C5229A4D91C00263E73 /* Main.storyboard */ = {
			isa = PBXVariantGroup;
			children = (
				6EED3C5329A4D91C00263E73 /* Base */,
			);
			name = Main.storyboard;
			sourceTree = "<group>";
		};
		6EED3C5729A4D91D00263E73 /* LaunchScreen.storyboard */ = {
			isa = PBXVariantGroup;
			children = (
				6EED3C5829A4D91D00263E73 /* Base */,
			);
			name = LaunchScreen.storyboard;
			sourceTree = "<group>";
		};
/* End PBXVariantGroup section */

/* Begin XCBuildConfiguration section */
		6EED3C5B29A4D91D00263E73 /* Debug */ = {
			isa = XCBuildConfiguration;
			buildSettings = {
				ALWAYS_SEARCH_USER_PATHS = NO;
				CLANG_ANALYZER_NONNULL = YES;
				CLANG_ANALYZER_NUMBER_OBJECT_CONVERSION = YES_AGGRESSIVE;
				CLANG_CXX_LANGUAGE_STANDARD = "gnu++20";
				CLANG_ENABLE_MODULES = YES;
				CLANG_ENABLE_OBJC_ARC = YES;
				CLANG_ENABLE_OBJC_WEAK = YES;
				CLANG_WARN_BLOCK_CAPTURE_AUTORELEASING = YES;
				CLANG_WARN_BOOL_CONVERSION = YES;
				CLANG_WARN_COMMA = YES;
				CLANG_WARN_CONSTANT_CONVERSION = YES;
				CLANG_WARN_DEPRECATED_OBJC_IMPLEMENTATIONS = YES;
				CLANG_WARN_DIRECT_OBJC_ISA_USAGE = YES_ERROR;
				CLANG_WARN_DOCUMENTATION_COMMENTS = YES;
				CLANG_WARN_EMPTY_BODY = YES;
				CLANG_WARN_ENUM_CONVERSION = YES;
				CLANG_WARN_INFINITE_RECURSION = YES;
				CLANG_WARN_INT_CONVERSION = YES;
				CLANG_WARN_NON_LITERAL_NULL_CONVERSION = YES;
				CLANG_WARN_OBJC_IMPLICIT_RETAIN_SELF = YES;
				CLANG_WARN_OBJC_LITERAL_CONVERSION = YES;
				CLANG_WARN_OBJC_ROOT_CLASS = YES_ERROR;
				CLANG_WARN_QUOTED_INCLUDE_IN_FRAMEWORK_HEADER = YES;
				CLANG_WARN_RANGE_LOOP_ANALYSIS = YES;
				CLANG_WARN_STRICT_PROTOTYPES = YES;
				CLANG_WARN_SUSPICIOUS_MOVE = YES;
				CLANG_WARN_UNGUARDED_AVAILABILITY = YES_AGGRESSIVE;
				CLANG_WARN_UNREACHABLE_CODE = YES;
				CLANG_WARN__DUPLICATE_METHOD_MATCH = YES;
				COPY_PHASE_STRIP = NO;
				DEBUG_INFORMATION_FORMAT = dwarf;
				ENABLE_STRICT_OBJC_MSGSEND = YES;
				ENABLE_TESTABILITY = YES;
				GCC_C_LANGUAGE_STANDARD = gnu11;
				GCC_DYNAMIC_NO_PIC = NO;
				GCC_NO_COMMON_BLOCKS = YES;
				GCC_OPTIMIZATION_LEVEL = 0;
				GCC_PREPROCESSOR_DEFINITIONS = (
					"DEBUG=1",
					"$(inherited)",
				);
				GCC_WARN_64_TO_32_BIT_CONVERSION = YES;
				GCC_WARN_ABOUT_RETURN_TYPE = YES_ERROR;
				GCC_WARN_UNDECLARED_SELECTOR = YES;
				GCC_WARN_UNINITIALIZED_AUTOS = YES_AGGRESSIVE;
				GCC_WARN_UNUSED_FUNCTION = YES;
				GCC_WARN_UNUSED_VARIABLE = YES;
				IPHONEOS_DEPLOYMENT_TARGET = 16.2;
				MTL_ENABLE_DEBUG_INFO = INCLUDE_SOURCE;
				MTL_FAST_MATH = YES;
				ONLY_ACTIVE_ARCH = YES;
				SDKROOT = iphoneos;
				SWIFT_ACTIVE_COMPILATION_CONDITIONS = DEBUG;
				SWIFT_OPTIMIZATION_LEVEL = "-Onone";
			};
			name = Debug;
		};
		6EED3C5C29A4D91D00263E73 /* Release */ = {
			isa = XCBuildConfiguration;
			buildSettings = {
				ALWAYS_SEARCH_USER_PATHS = NO;
				CLANG_ANALYZER_NONNULL = YES;
				CLANG_ANALYZER_NUMBER_OBJECT_CONVERSION = YES_AGGRESSIVE;
				CLANG_CXX_LANGUAGE_STANDARD = "gnu++20";
				CLANG_ENABLE_MODULES = YES;
				CLANG_ENABLE_OBJC_ARC = YES;
				CLANG_ENABLE_OBJC_WEAK = YES;
				CLANG_WARN_BLOCK_CAPTURE_AUTORELEASING = YES;
				CLANG_WARN_BOOL_CONVERSION = YES;
				CLANG_WARN_COMMA = YES;
				CLANG_WARN_CONSTANT_CONVERSION = YES;
				CLANG_WARN_DEPRECATED_OBJC_IMPLEMENTATIONS = YES;
				CLANG_WARN_DIRECT_OBJC_ISA_USAGE = YES_ERROR;
				CLANG_WARN_DOCUMENTATION_COMMENTS = YES;
				CLANG_WARN_EMPTY_BODY = YES;
				CLANG_WARN_ENUM_CONVERSION = YES;
				CLANG_WARN_INFINITE_RECURSION = YES;
				CLANG_WARN_INT_CONVERSION = YES;
				CLANG_WARN_NON_LITERAL_NULL_CONVERSION = YES;
				CLANG_WARN_OBJC_IMPLICIT_RETAIN_SELF = YES;
				CLANG_WARN_OBJC_LITERAL_CONVERSION = YES;
				CLANG_WARN_OBJC_ROOT_CLASS = YES_ERROR;
				CLANG_WARN_QUOTED_INCLUDE_IN_FRAMEWORK_HEADER = YES;
				CLANG_WARN_RANGE_LOOP_ANALYSIS = YES;
				CLANG_WARN_STRICT_PROTOTYPES = YES;
				CLANG_WARN_SUSPICIOUS_MOVE = YES;
				CLANG_WARN_UNGUARDED_AVAILABILITY = YES_AGGRESSIVE;
				CLANG_WARN_UNREACHABLE_CODE = YES;
				CLANG_WARN__DUPLICATE_METHOD_MATCH = YES;
				COPY_PHASE_STRIP = NO;
				DEBUG_INFORMATION_FORMAT = "dwarf-with-dsym";
				ENABLE_NS_ASSERTIONS = NO;
				ENABLE_STRICT_OBJC_MSGSEND = YES;
				GCC_C_LANGUAGE_STANDARD = gnu11;
				GCC_NO_COMMON_BLOCKS = YES;
				GCC_WARN_64_TO_32_BIT_CONVERSION = YES;
				GCC_WARN_ABOUT_RETURN_TYPE = YES_ERROR;
				GCC_WARN_UNDECLARED_SELECTOR = YES;
				GCC_WARN_UNINITIALIZED_AUTOS = YES_AGGRESSIVE;
				GCC_WARN_UNUSED_FUNCTION = YES;
				GCC_WARN_UNUSED_VARIABLE = YES;
				IPHONEOS_DEPLOYMENT_TARGET = 16.2;
				MTL_ENABLE_DEBUG_INFO = NO;
				MTL_FAST_MATH = YES;
				SDKROOT = iphoneos;
				SWIFT_COMPILATION_MODE = wholemodule;
				SWIFT_OPTIMIZATION_LEVEL = "-O";
				VALIDATE_PRODUCT = YES;
			};
			name = Release;
		};
		6EED3C5E29A4D91D00263E73 /* Debug */ = {
			isa = XCBuildConfiguration;
			buildSettings = {
				ASSETCATALOG_COMPILER_APPICON_NAME = AppIcon;
				ASSETCATALOG_COMPILER_GLOBAL_ACCENT_COLOR_NAME = AccentColor;
				CODE_SIGN_STYLE = Automatic;
				CURRENT_PROJECT_VERSION = 1;
				GENERATE_INFOPLIST_FILE = YES;
				INFOPLIST_FILE = ExampleCollectionView/Info.plist;
				INFOPLIST_KEY_UIApplicationSupportsIndirectInputEvents = YES;
				INFOPLIST_KEY_UILaunchStoryboardName = LaunchScreen;
				INFOPLIST_KEY_UIMainStoryboardFile = Main;
				INFOPLIST_KEY_UISupportedInterfaceOrientations_iPad = "UIInterfaceOrientationPortrait UIInterfaceOrientationPortraitUpsideDown UIInterfaceOrientationLandscapeLeft UIInterfaceOrientationLandscapeRight";
				INFOPLIST_KEY_UISupportedInterfaceOrientations_iPhone = "UIInterfaceOrientationPortrait UIInterfaceOrientationLandscapeLeft UIInterfaceOrientationLandscapeRight";
				IPHONEOS_DEPLOYMENT_TARGET = 14.0;
				LD_RUNPATH_SEARCH_PATHS = (
					"$(inherited)",
					"@executable_path/Frameworks",
				);
				MARKETING_VERSION = 1.0;
				PRODUCT_BUNDLE_IDENTIFIER = com.dtrognn.ExampleCollectionView;
				PRODUCT_NAME = "$(TARGET_NAME)";
				SWIFT_EMIT_LOC_STRINGS = YES;
				SWIFT_VERSION = 5.0;
				TARGETED_DEVICE_FAMILY = "1,2";
			};
			name = Debug;
		};
		6EED3C5F29A4D91D00263E73 /* Release */ = {
			isa = XCBuildConfiguration;
			buildSettings = {
				ASSETCATALOG_COMPILER_APPICON_NAME = AppIcon;
				ASSETCATALOG_COMPILER_GLOBAL_ACCENT_COLOR_NAME = AccentColor;
				CODE_SIGN_STYLE = Automatic;
				CURRENT_PROJECT_VERSION = 1;
				GENERATE_INFOPLIST_FILE = YES;
				INFOPLIST_FILE = ExampleCollectionView/Info.plist;
				INFOPLIST_KEY_UIApplicationSupportsIndirectInputEvents = YES;
				INFOPLIST_KEY_UILaunchStoryboardName = LaunchScreen;
				INFOPLIST_KEY_UIMainStoryboardFile = Main;
				INFOPLIST_KEY_UISupportedInterfaceOrientations_iPad = "UIInterfaceOrientationPortrait UIInterfaceOrientationPortraitUpsideDown UIInterfaceOrientationLandscapeLeft UIInterfaceOrientationLandscapeRight";
				INFOPLIST_KEY_UISupportedInterfaceOrientations_iPhone = "UIInterfaceOrientationPortrait UIInterfaceOrientationLandscapeLeft UIInterfaceOrientationLandscapeRight";
				IPHONEOS_DEPLOYMENT_TARGET = 14.0;
				LD_RUNPATH_SEARCH_PATHS = (
					"$(inherited)",
					"@executable_path/Frameworks",
				);
				MARKETING_VERSION = 1.0;
				PRODUCT_BUNDLE_IDENTIFIER = com.dtrognn.ExampleCollectionView;
				PRODUCT_NAME = "$(TARGET_NAME)";
				SWIFT_EMIT_LOC_STRINGS = YES;
				SWIFT_VERSION = 5.0;
				TARGETED_DEVICE_FAMILY = "1,2";
			};
			name = Release;
		};
/* End XCBuildConfiguration section */

/* Begin XCConfigurationList section */
		6EED3C4429A4D91B00263E73 /* Build configuration list for PBXProject "ExampleCollectionView" */ = {
			isa = XCConfigurationList;
			buildConfigurations = (
				6EED3C5B29A4D91D00263E73 /* Debug */,
				6EED3C5C29A4D91D00263E73 /* Release */,
			);
			defaultConfigurationIsVisible = 0;
			defaultConfigurationName = Release;
		};
		6EED3C5D29A4D91D00263E73 /* Build configuration list for PBXNativeTarget "ExampleCollectionView" */ = {
			isa = XCConfigurationList;
			buildConfigurations = (
				6EED3C5E29A4D91D00263E73 /* Debug */,
				6EED3C5F29A4D91D00263E73 /* Release */,
			);
			defaultConfigurationIsVisible = 0;
			defaultConfigurationName = Release;
		};
/* End XCConfigurationList section */

/* Begin XCRemoteSwiftPackageReference section */
		6E10B9D029A629B10026CFAB /* XCRemoteSwiftPackageReference "SDWebImage" */ = {
			isa = XCRemoteSwiftPackageReference;
			repositoryURL = "https://github.com/SDWebImage/SDWebImage";
			requirement = {
				branch = master;
				kind = branch;
			};
		};
/* End XCRemoteSwiftPackageReference section */

/* Begin XCSwiftPackageProductDependency section */
		6E10B9D129A629B10026CFAB /* SDWebImage */ = {
			isa = XCSwiftPackageProductDependency;
			package = 6E10B9D029A629B10026CFAB /* XCRemoteSwiftPackageReference "SDWebImage" */;
			productName = SDWebImage;
		};
		6E10B9D329A629B10026CFAB /* SDWebImageMapKit */ = {
			isa = XCSwiftPackageProductDependency;
			package = 6E10B9D029A629B10026CFAB /* XCRemoteSwiftPackageReference "SDWebImage" */;
			productName = SDWebImageMapKit;
		};
/* End XCSwiftPackageProductDependency section */
	};
	rootObject = 6EED3C4129A4D91B00263E73 /* Project object */;
}
